cloud.google.com/go v0.26.0/go.mod h1:aQUYkXzVsufM+DwF1aE+0xfcU+56JwCaLick0ClmMTw=
github.com/DataDog/zstd v1.3.4 h1:LAGHkXuvC6yky+C2CUG2tD7w8QlrUwpue8XwIh0X4AY=
github.com/DataDog/zstd v1.3.4/go.mod h1:1jcaCB/ufaK+sKp1NBhlGmpz41jOoPQ35bpF36t7BBo=
github.com/OneOfOne/xxhash v1.2.2/go.mod h1:HSdplMjZKSmBqAxg5vPj2TmRDmfkzw+cTzAElWljhcU=
github.com/Shopify/sarama v1.20.0 h1:wAMHhl1lGRlobeoV/xOKpbqD2OQsOvY4A/vIOGroIe8=
github.com/Shopify/sarama v1.20.0/go.mod h1:FVkBWblsNy7DGZRfXLU0O9RCGt5g3g3yEuWXgklEdEo=
github.com/StackExchange/wmi v0.0.0-20180116203802-5d049714c4a6/go.mod h1:3eOhrUMpNV+6aFIbp5/iudMxNCF27Vw2OZgy4xEx0Fg=
github.com/aws/aws-sdk-go v1.15.88/go.mod h1:es1KtYUFs7le0xQ3rOihkuoVD90z7D0fR2Qm4S00/gU=
github.com/beorn7/perks v0.0.0-20180321164747-3a771d992973 h1:xJ4a3vCFaGF/jqvzLMYoU8P317H5OQ+Via4RmuPwCS0=
github.com/beorn7/perks v0.0.0-20180321164747-3a771d992973/go.mod h1:Dwedo/Wpr24TaqPxmxbtue+5NUziq4I4S80YR8gNf3Q=
github.com/boltdb/bolt v1.3.1/go.mod h1:clJnj/oiGkjum5o1McbSZDSLxVThjynRyGBgiAx27Ps=
github.com/bouk/monkey v1.0.0 h1:k6z8fLlPhETfn5l9rlWVE7Q6B23DoaqosTdArvNQRdc=
github.com/bouk/monkey v1.0.0/go.mod h1:PG/63f4XEUlVyW1ttIeOJmJhhe1+t9EC/je3eTjvFhE=
github.com/bsm/sarama-cluster v2.1.15+incompatible h1:RkV6WiNRnqEEbp81druK8zYhmnIgdOjqSVi0+9Cnl2A=
github.com/bsm/sarama-cluster v2.1.15+incompatible/go.mod h1:r7ao+4tTNXvWm+VRpRJchr2kQhqxgmAp2iEX5W96gMM=
github.com/cenkalti/backoff v2.0.0+incompatible h1:5IIPUHhlnUZbcHQsQou5k1Tn58nJkeJL9U+ig5CHJbY=
github.com/cenkalti/backoff v2.0.0+incompatible/go.mod h1:90ReRw6GdpyfrHakVjL/QHaoyV4aDUVVkXQJJJ3NXXM=
github.com/cespare/xxhash v1.1.0 h1:a6HrQnmkObjyL+Gs60czilIUGqrzKutQD6XZog3p+ko=
github.com/cespare/xxhash v1.1.0/go.mod h1:XrSqR1VqqWfGrhpAt58auRo0WTKS1nRRg3ghfAqPWnc=
github.com/clbanning/x2j v0.0.0-20161012221638-8514236bc68e h1:cTCHpPZZBSwT9+CjafzGu2LRX0nUCaZZuseCSgGWG1E=
github.com/clbanning/x2j v0.0.0-20161012221638-8514236bc68e/go.mod h1:jMjuTZXRI4dUb/I5gc9Hdhagfvm9+RyrPryS/auMzxE=
github.com/client9/misspell v0.3.4/go.mod h1:qj6jICC3Q7zFZvVWo7KLAzC3yx5G7kyvSDkc90ppPyw=
github.com/coreos/bbolt v1.3.1-coreos.6 h1:uTXKg9gY70s9jMAKdfljFQcuh4e/BXOM+V+d00KFj3A=
github.com/coreos/bbolt v1.3.1-coreos.6/go.mod h1:iRUV2dpdMOn7Bo10OQBFzIJO9kkE559Wcmn+qkEiiKk=
github.com/coreos/etcd v3.3.4+incompatible h1:jA8Vw3DAHsED/Tms646gf2OIQXaGrjot45WjLCTEWF0=
github.com/coreos/etcd v3.3.4+incompatible/go.mod h1:uF7uidLiAD3TWHmW31ZFd/JWoc32PjwdhPthX9715RE=
github.com/coreos/go-semver v0.2.0 h1:3Jm3tLmsgAYcjC+4Up7hJrFBPr+n7rAqYeSw/SZazuY=
github.com/coreos/go-semver v0.2.0/go.mod h1:nnelYz7RCh+5ahJtPPxZlU+153eP4D4r3EedlOD2RNk=
github.com/coreos/go-systemd v0.0.0-20181031085051-9002847aa142 h1:3jFq2xL4ZajGK4aZY8jz+DAF0FHjI51BXjjSwCzS1Dk=
github.com/coreos/go-systemd v0.0.0-20181031085051-9002847aa142/go.mod h1:F5haX7vjVVG0kc13fIWeqUViNPyEJxv/OmvnBo0Yme4=
github.com/coreos/pkg v0.0.0-20180108230652-97fdf19511ea h1:n2Ltr3SrfQlf/9nOna1DoGKxLx3qTSI8Ttl6Xrqp6mw=
github.com/coreos/pkg v0.0.0-20180108230652-97fdf19511ea/go.mod h1:E3G3o1h8I7cfcXa63jLwjI0eiQQMgzzUDFVpN/nH/eA=
github.com/davecgh/go-spew v1.1.1 h1:vj9j/u1bqnvCEfJOwUhtlOARqs3+rkHYY13jYWTU97c=
github.com/davecgh/go-spew v1.1.1/go.mod h1:J7Y8YcW2NihsgmVo/mv3lAwl/skON4iLHjSsI+c5H38=
github.com/dgrijalva/jwt-go v3.2.0+incompatible h1:7qlOGliEKZXTDg6OTjfoBKDXWrumCAMpl/TFQ4/5kLM=
github.com/dgrijalva/jwt-go v3.2.0+incompatible/go.mod h1:E3ru+11k8xSBh+hMPgOLZmtrrCbhqsmaPHjLKYnJCaQ=
github.com/dustin/go-humanize v0.0.0-20180421182945-02af3965c54e/go.mod h1:HtrtbFcZ19U5GC7JDqmcUSB87Iq5E25KnS6fMYU6eOk=
github.com/eapache/go-resiliency v1.1.0 h1:1NtRmCAqadE2FN4ZcN6g90TP3uk8cg9rn9eNK2197aU=
github.com/eapache/go-resiliency v1.1.0/go.mod h1:kFI+JgMyC7bLPUVY133qvEBtVayf5mFgVsvEsIPBvNs=
github.com/eapache/go-xerial-snappy v0.0.0-20180814174437-776d5712da21 h1:YEetp8/yCZMuEPMUDHG0CW/brkkEp8mzqk2+ODEitlw=
github.com/eapache/go-xerial-snappy v0.0.0-20180814174437-776d5712da21/go.mod h1:+020luEh2TKB4/GOp8oxxtq0Daoen/Cii55CzbTV6DU=
github.com/eapache/queue v1.1.0 h1:YOEu7KNc61ntiQlcEeUIoDTJ2o8mQznoNvUhiigpIqc=
github.com/eapache/queue v1.1.0/go.mod h1:6eCeP0CKFpHLu8blIFXhExK/dRa7WDZfr6jVFPTqq+I=
github.com/fagongzi/goetty v0.0.0-20181130021317-3d2943b977e2 h1:4AaJ2uXuWd4aHAHU9IUUPJT0FwWfXxinJm2vaTrVA3c=
github.com/fagongzi/goetty v0.0.0-20181130021317-3d2943b977e2/go.mod h1:lLUyHhtjlOqatxVXgyLocwoI2o359JzLE7EWRGZiGw4=
github.com/fagongzi/log v0.0.0-20170831135209-9a647df25e0e h1:ze4Ee25lIEbvKN0niRh0o+PgfE0O36ZsX44S8qMB1Go=
github.com/fagongzi/log v0.0.0-20170831135209-9a647df25e0e/go.mod h1:1aUifpZCjAdZK7L3vRRl2cpSktbKasAU5vOSyLSCODs=
github.com/fagongzi/util v0.0.0-20180330021808-4acf02da76a9 h1:Rr0bG1Zjpo2sDnPYgvw1MfrPev/F3Fnl2ErrTrAouIs=
github.com/fagongzi/util v0.0.0-20180330021808-4acf02da76a9/go.mod h1:jYDIbpaqHXCCQ7QIDXRVfsQYAGKSNNb6N8BPTgdpcdE=
github.com/franela/goreq v0.0.0-20171204163338-bcd34c9993f8 h1:a9ENSRDFBUPkJ5lCgVZh26+ZbGyoVJG7yb5SSzF5H54=
github.com/franela/goreq v0.0.0-20171204163338-bcd34c9993f8/go.mod h1:ZhphrRTfi2rbfLwlschooIH4+wKKDR4Pdxhh+TRoA20=
github.com/ghodss/yaml v1.0.0 h1:wQHKEahhL6wmXdzwWG11gIVCkOv05bNOh+Rxn0yngAk=
github.com/ghodss/yaml v1.0.0/go.mod h1:4dBDuWmgqj2HViK6kFavaiC9ZROes6MMH2rRYeMEF04=
github.com/go-ini/ini v1.37.0 h1:/FpMfveJbc7ExTTDgT5nL9Vw+aZdst/c2dOxC931U+M=
github.com/go-ini/ini v1.37.0/go.mod h1:ByCAeIL28uOIIG0E3PJtZPDL8WnHpFKFOtgjp+3Ies8=
github.com/go-ole/go-ole v1.2.1/go.mod h1:7FAglXiTm7HKlQRDeOQ6ZNUHidzCWXuZWq/1dTyBNF8=
github.com/go-redis/redis v6.14.1+incompatible h1:kSJohAREGMr344uMa8PzuIg5OU6ylCbyDkWkkNOfEik=
github.com/go-redis/redis v6.14.1+incompatible/go.mod h1:NAIEuMOZ/fxfXJIrKDQDz8wamY7mA7PouImQ2Jvg6kA=
github.com/gogo/protobuf v1.0.0 h1:2jyBKDKU/8v3v2xVR2PtiWQviFUyiaGk2rpfyFT8rTM=
github.com/gogo/protobuf v1.0.0/go.mod h1:r8qH/GZQm5c6nD/R0oafs1akxWv10x8SbQlK7atdtwQ=
github.com/golang/glog v0.0.0-20160126235308-23def4e6c14b/go.mod h1:SBH7ygxi8pfUlaOkMMuAQtPIUF8ecWP5IEl/CR7VP2Q=
github.com/golang/lint v0.0.0-20180702182130-06c8688daad7/go.mod h1:tluoj9z5200jBnyusfRPU2LqT6J+DAorxEvtC7LHB+E=
github.com/golang/mock v1.1.1/go.mod h1:oTYuIxOrZwtPieC+H1uAHpcLFnEyAGVDL/k47Jfbm0A=
github.com/golang/protobuf v1.1.0/go.mod h1:6lQm79b+lXiMfvg/cZm0SGofjICqVBUtrP5yJMmIC1U=
github.com/golang/protobuf v1.2.0 h1:P3YflyNX/ehuJFLhxviNdFxQPkGK5cDcApsge1SqnvM=
github.com/golang/protobuf v1.2.0/go.mod h1:6lQm79b+lXiMfvg/cZm0SGofjICqVBUtrP5yJMmIC1U=
github.com/golang/snappy v0.0.0-20180518054509-2e65f85255db h1:woRePGFeVFfLKN/pOkfl+p/TAqKOfFu+7KPlMVpok/w=
github.com/golang/snappy v0.0.0-20180518054509-2e65f85255db/go.mod h1:/XxbfmMg8lxefKM7IXC3fBNl/7bRcc72aCRzEWrmP2Q=
github.com/google/btree v0.0.0-20180813153112-4030bb1f1f0c h1:964Od4U6p2jUkFxvCydnIczKteheJEzHRToSGK3Bnlw=
github.com/google/btree v0.0.0-20180813153112-4030bb1f1f0c/go.mod h1:lNA+9X1NB3Zf8V7Ke586lFgjr2dZNuvo3lPJSGZ5JPQ=
github.com/gorilla/websocket v1.4.0 h1:WDFjx/TMzVgy9VdMMQi2K2Emtwi2QcUQsztZ/zLaH/Q=
github.com/gorilla/websocket v1.4.0/go.mod h1:E7qHFY5m1UJ88s3WnNqhKjPHQ0heANvMoAMk2YaljkQ=
github.com/grpc-ecosystem/go-grpc-prometheus v1.2.0 h1:Ovs26xHkKqVztRpIrF/92BcuyuQ/YW4NSIpoGtfXNho=
github.com/grpc-ecosystem/go-grpc-prometheus v1.2.0/go.mod h1:8NvIoxWQoOIhqOTXgfV/d3M/q6VIi02HzZEHgUlZvzk=
github.com/grpc-ecosystem/grpc-gateway v1.5.1 h1:3scN4iuXkNOyP98jF55Lv8a9j1o/IwvnDIZ0LHJK1nk=
github.com/grpc-ecosystem/grpc-gateway v1.5.1/go.mod h1:RSKVYQBd5MCa4OVpNdGskqpgL2+G+NZTnrVHpWWfpdw=
github.com/hudl/fargo v0.0.0-20180614092839-fce5cf495554 h1:PMgOVKF3jZ/OvLA9XuD2rGrsGGmPQ2JbyHQIJtPtdS8=
github.com/hudl/fargo v0.0.0-20180614092839-fce5cf495554/go.mod h1:y3CKSmjA+wD2gak7sUSXTAoopbhU08POFhmITJgmKTg=
github.com/infinivision/hyena v0.0.0-20181121120318-77faef8a03cf h1:jX866iCcsglgFWgtswPDAz++9DTnWKuWO2ZZMME+fcs=
github.com/infinivision/hyena v0.0.0-20181121120318-77faef8a03cf/go.mod h1:drbuCelG0NbWJU5ZWni4tyFryXwtzU0Nsy1PjPj4mns=
github.com/infinivision/hyena v0.0.0-20181130104942-e7ef20ead22c h1:OhCXiGuZFww5XqnPQ21uWMt0sOMv2EH6t6exfBX72Sw=
github.com/infinivision/hyena v0.0.0-20181130104942-e7ef20ead22c/go.mod h1:drbuCelG0NbWJU5ZWni4tyFryXwtzU0Nsy1PjPj4mns=
github.com/infinivision/hyena v0.0.0-20181228031553-e9500e78c328 h1:LWGuIWQFQVJGSQ80N/U0pkTUdpmGDs/2eTF/tVYHrxI=
github.com/infinivision/hyena v0.0.0-20181228031553-e9500e78c328/go.mod h1:drbuCelG0NbWJU5ZWni4tyFryXwtzU0Nsy1PjPj4mns=
github.com/infinivision/hyena v0.0.0-20181228060349-9e641d80db3a h1:aeYa5ZziFtrvYrbQuO8hCpNuNG7KqYTTTJL/Kgw4gPo=
github.com/infinivision/hyena v0.0.0-20181228060349-9e641d80db3a/go.mod h1:drbuCelG0NbWJU5ZWni4tyFryXwtzU0Nsy1PjPj4mns=
github.com/infinivision/hyena v0.0.0-20181228083701-109bcd4c7d69 h1:rl1H/KYiK2Pc7RpgQArD8JOcw7y1dYzgFDH8iFki/GQ=
github.com/infinivision/hyena v0.0.0-20181228083701-109bcd4c7d69/go.mod h1:drbuCelG0NbWJU5ZWni4tyFryXwtzU0Nsy1PjPj4mns=
github.com/infinivision/prophet v0.0.0-20181120130722-9d348e424ca3 h1:xlaB1RNXtzYXBU6aHMXJqTYaAXL3t2yTayCTKntLYHI=
github.com/infinivision/prophet v0.0.0-20181120130722-9d348e424ca3/go.mod h1:dhFxWdtpZVXDrS44qw0B3M60GBd2ujoSg48UFmuqOyI=
github.com/jmespath/go-jmespath v0.0.0-20160202185014-0b12d6b521d8/go.mod h1:Nht3zPeWKUH0NzdCt2Blrr5ys8VGpn0CEB0cQHVjt7k=
github.com/jonboulle/clockwork v0.1.0 h1:VKV+ZcuP6l3yW9doeqz6ziZGgcynBVQO+obU0+0hcPo=
github.com/jonboulle/clockwork v0.1.0/go.mod h1:Ii8DK3G1RaLaWxj9trq07+26W01tbo22gdxWY5EU2bo=
github.com/kisielk/gotool v1.0.0/go.mod h1:XhKaO+MFFWcvkIS/tQcRk01m1F5IRFswLeQ+oQHNcck=
github.com/matttproud/golang_protobuf_extensions v1.0.1 h1:4hp9jkHxhMHkqkrB3Ix0jegS5sx/RkqARlsWZ6pIwiU=
github.com/matttproud/golang_protobuf_extensions v1.0.1/go.mod h1:D8He9yQNgCq6Z5Ld7szi9bcBfOoFv/3dc6xSMkL2PC0=
github.com/miekg/dns v1.0.8 h1:Zi8HNpze3NeRWH1PQV6O71YcvJRQ6j0lORO6DAEmAAI=
github.com/miekg/dns v1.0.8/go.mod h1:W1PPwlIAgtquWBMBEV9nkV9Cazfe8ScdGz/Lj7v3Nrg=
github.com/minio/minio-go v6.0.2+incompatible h1:LT842veOkz3Ekodq7BN9agNnau/7pHV+3h4aA6JUTMc=
github.com/minio/minio-go v6.0.2+incompatible/go.mod h1:7guKYtitv8dktvNUGrhzmNlA5wrAABTQXCoesZdFQO8=
github.com/mitchellh/go-homedir v0.0.0-20180523094522-3864e76763d9 h1:Y94YB7jrsihrbGSqRNMwRWJ2/dCxr0hdC2oPRohkx0A=
github.com/mitchellh/go-homedir v0.0.0-20180523094522-3864e76763d9/go.mod h1:SfyaCUpYCn1Vlf4IUYiD9fPX4A5wJrkLzIz1N1q0pr0=
github.com/op/go-logging v0.0.0-20160315200505-970db520ece7 h1:lDH9UUVJtmYCjyT0CI4q8xvlXPxeZ0gYCVvWbmPlp88=
github.com/op/go-logging v0.0.0-20160315200505-970db520ece7/go.mod h1:HzydrMdWErDVzsI23lYNej1Htcns9BCg93Dk0bBINWk=
github.com/patrickmn/go-cache v2.1.0+incompatible h1:HRMgzkcYKYpi3C8ajMPV8OFXaaRUnok+kx1WdO15EQc=
github.com/patrickmn/go-cache v2.1.0+incompatible/go.mod h1:3Qf8kWWT7OJRJbdiICTKqZju1ZixQ/KpMGzzAfe6+WQ=
github.com/petar/GoLLRB v0.0.0-20130427215148-53be0d36a84c/go.mod h1:HUpKUBZnpzkdx0kD/+Yfuft+uD3zHGtXF/XJB14TUr4=
github.com/pierrec/lz4 v0.0.0-20181005164709-635575b42742 h1:wKfigKMTgvSzBLIVvB5QaBBQI0odU6n45/UKSphjLus=
github.com/pierrec/lz4 v0.0.0-20181005164709-635575b42742/go.mod h1:3/3N9NVKO0jef7pBehbT1qWhCMrIgbYNnFAZCqQ5LRc=
github.com/pierrec/lz4 v0.0.0-20181027085611-623b5a2f4d2a h1:AjoacEaTgu9mA3/ZNFtPfdIM9MP5WVngYdB2k/3xLJ4=
github.com/pierrec/lz4 v0.0.0-20181027085611-623b5a2f4d2a/go.mod h1:3/3N9NVKO0jef7pBehbT1qWhCMrIgbYNnFAZCqQ5LRc=
github.com/pkg/errors v0.8.0 h1:WdK/asTD0HN+q6hsWO3/vpuAkAr+tw6aNJNDFFf0+qw=
github.com/pkg/errors v0.8.0/go.mod h1:bwawxfHBFNV+L2hUp1rHADufV3IMtnDRdf1r5NINEl0=
github.com/pkg/profile v1.2.1/go.mod h1:hJw3o1OdXxsrSjjVksARp5W95eeEaEfptyVZyv6JUPA=
github.com/pmezard/go-difflib v1.0.0/go.mod h1:iKH77koFhYxTK1pcRnkKkqfTogsbg7gZNVY4sRDYZ/4=
github.com/prometheus/client_golang v0.8.0 h1:1921Yw9Gc3iSc4VQh3PIoOqgPCZS7G/4xQNVUp8Mda8=
github.com/prometheus/client_golang v0.8.0/go.mod h1:7SWBe2y4D6OKWSNQJUaRYU/AaXPKyh/dDVn+NZz0KFw=
github.com/prometheus/client_model v0.0.0-20171117100541-99fa1f4be8e5 h1:cLL6NowurKLMfCeQy4tIeph12XNQWgANCNvdyrOYKV4=
github.com/prometheus/client_model v0.0.0-20171117100541-99fa1f4be8e5/go.mod h1:MbSGuTsp3dbXC40dX6PRTWyKYBIrTGTE9sqQNg2J8bo=
github.com/prometheus/common v0.0.0-20180518154759-7600349dcfe1 h1:osmNoEW2SCW3L7EX0km2LYM8HKpNWRiouxjE3XHkyGc=
github.com/prometheus/common v0.0.0-20180518154759-7600349dcfe1/go.mod h1:daVV7qP5qjZbuso7PdcryaAu0sAZbrN9i7WWcTMWvro=
github.com/prometheus/procfs v0.0.0-20180528183257-fe93d378a6b0 h1:GNenlaAfS/L0dUReAUpYXfv8Wm3fwo758oT1gi0kcpM=
github.com/prometheus/procfs v0.0.0-20180528183257-fe93d378a6b0/go.mod h1:c3At6R/oaqEKCNdg8wHV1ftS6bRYblBhIjjI8uT2IGk=
github.com/rcrowley/go-metrics v0.0.0-20181016184325-3113b8401b8a h1:9ZKAASQSHhDYGoxY8uLVpewe1GDZ2vu2Tr/vTdVAkFQ=
github.com/rcrowley/go-metrics v0.0.0-20181016184325-3113b8401b8a/go.mod h1:bCqnVzQkZxMG4s8nGwiZ5l3QUCyqpo9Y+/ZMZ9VjZe4=
github.com/shirou/gopsutil v0.0.0-20180801053943-8048a2e9c577 h1:fgCv3khdlkkaSfAehroQ2qpqJaM4eBFl6MhCWOWQNpY=
github.com/shirou/gopsutil v0.0.0-20180801053943-8048a2e9c577/go.mod h1:5b4v6he4MtMOwMlS0TUMTu2PcXUg8+E1lC7eC3UO/RA=
github.com/shopify/sarama v1.20.1-0.20181214121743-94536b3e82d3 h1:MaxuEk3Vozm/djviFoEPdHj3MvkOoCgN4397DP2ZyPQ=
github.com/shopify/sarama v1.20.1-0.20181214121743-94536b3e82d3/go.mod h1:6GSZbPHX9hU4PuU/U0OpRIelIgGz7O858BLZ1nqdvZw=
github.com/sirupsen/logrus v1.0.5 h1:8c8b5uO0zS4X6RPl/sd1ENwSkIc0/H2PaHxE3udaE8I=
github.com/sirupsen/logrus v1.0.5/go.mod h1:pMByvHTf9Beacp5x1UXfOR9xyW/9antXMhjMPG0dEzc=
github.com/soheilhy/cmux v0.1.4 h1:0HKaf1o97UwFjHH9o5XsHUOF+tqmdA7KEzXLpiyaw0E=
github.com/soheilhy/cmux v0.1.4/go.mod h1:IM3LyeVVIOuxMH7sFAkER9+bJ4dT7Ms6E4xg4kGIyLM=
github.com/spaolacci/murmur3 v0.0.0-20180118202830-f09979ecbc72/go.mod h1:JwIasOWyU6f++ZhiEuf87xNszmSA2myDM2Kzu9HwQUA=
github.com/stretchr/testify v1.2.2/go.mod h1:a8OnRcib4nhh0OaRAV+Yts87kKdq0PP7pXfy6kDkUVs=
github.com/tmc/grpc-websocket-proxy v0.0.0-20171017195756-830351dc03c6 h1:lYIiVDtZnyTWlNwiAxLj0bbpTcx1BWCFhXjfsvmPdNc=
github.com/tmc/grpc-websocket-proxy v0.0.0-20171017195756-830351dc03c6/go.mod h1:ncp9v5uamzpCO7NfCPTXjqaC+bZgJeR0sMTm6dMHP7U=
github.com/ugorji/go v1.1.1 h1:gmervu+jDMvXTbcHQ0pd2wee85nEoE0BsVyEuzkfK8w=
github.com/ugorji/go v1.1.1/go.mod h1:hnLbHMwcvSihnDhEfx2/BzKp2xb0Y+ErdfYcrs9tkJQ=
github.com/xiang90/probing v0.0.0-20160813154853-07dd2e8dfe18 h1:MPPkRncZLN9Kh4MEFmbnK4h3BD7AUmskWv2+EeZJCCs=
github.com/xiang90/probing v0.0.0-20160813154853-07dd2e8dfe18/go.mod h1:UETIi67q53MR2AWcXfiuqkDkRtnGDLqkBTpCHuJHxtU=
github.com/youzan/go-nsq v0.0.0-20180306073406-048121fec907 h1:Ib1n86IJjnXz1cOrkH1zKTMdyZ/g2OqfvVHVaOV+qWk=
github.com/youzan/go-nsq v0.0.0-20180306073406-048121fec907/go.mod h1:hYPld3wFUJGydDgNs/cR4hWXxLw7ZMr0j7cBSpO7DmA=
golang.org/x/crypto v0.0.0-20180527072434-ab813273cd59 h1:hk3yo72LXLapY9EXVttc3Z1rLOxT9IuAPPX3GpY2+jo=
golang.org/x/crypto v0.0.0-20180527072434-ab813273cd59/go.mod h1:6SG95UA2DQfeDnfUPMdvaQW0Q7yPrPDi9nlGo2tz2b4=
golang.org/x/lint v0.0.0-20180702182130-06c8688daad7/go.mod h1:UVdnD1Gm6xHRNCYTkRU2/jEulfH38KcIWyp/GAMgvoE=
golang.org/x/net v0.0.0-20180524181706-dfa909b99c79/go.mod h1:mL1N/T3taQHkDXs73rZJwtUhF3w3ftmwwsq0BUmARs4=
golang.org/x/net v0.0.0-20180826012351-8a410e7b638d/go.mod h1:mL1N/T3taQHkDXs73rZJwtUhF3w3ftmwwsq0BUmARs4=
golang.org/x/net v0.0.0-20181106065722-10aee1819953 h1:LuZIitY8waaxUfNIdtajyE/YzA/zyf0YxXG27VpLrkg=
golang.org/x/net v0.0.0-20181106065722-10aee1819953/go.mod h1:mL1N/T3taQHkDXs73rZJwtUhF3w3ftmwwsq0BUmARs4=
golang.org/x/oauth2 v0.0.0-20180821212333-d2e6202438be/go.mod h1:N/0e6XlmueqKjAGxoOufVs8QHGRruUQn6yWY3a++T0U=
golang.org/x/sync v0.0.0-20180314180146-1d60e4601c6f/go.mod h1:RxMgew5VJxzue5/jJTE5uejpjVlOe/izrB70Jof72aM=
golang.org/x/sys v0.0.0-20180525142821-c11f84a56e43/go.mod h1:STP8DvDyc/dI5b8T5hshtkjS+E42TnysNCUPdjciGhY=
golang.org/x/sys v0.0.0-20180830151530-49385e6e1522 h1:Ve1ORMCxvRmSXBwJK+t3Oy+V2vRW2OetUQBq4rJIkZE=
golang.org/x/sys v0.0.0-20180830151530-49385e6e1522/go.mod h1:STP8DvDyc/dI5b8T5hshtkjS+E42TnysNCUPdjciGhY=
golang.org/x/text v0.3.0 h1:g61tztE5qeGQ89tm6NTjjM9VPIm088od1l6aSorWRWg=
golang.org/x/text v0.3.0/go.mod h1:NqM8EUOU14njkJ3fqMW+pc6Ldnwhi/IjpwHt7yyuwOQ=
golang.org/x/time v0.0.0-20180412165947-fbb02b2291d2 h1:+DCIGbF/swA92ohVg0//6X2IVY3KZs6p9mix0ziNYJM=
golang.org/x/time v0.0.0-20180412165947-fbb02b2291d2/go.mod h1:tRJNPiyCQ0inRvYxbN9jk5I+vvW/OXSQhTDSoE431IQ=
golang.org/x/tools v0.0.0-20180828015842-6cd1fcedba52/go.mod h1:n7NCudcB/nEzxVGmLbDWY5pfWTLqBcC2KZ6jyYvM4mQ=
google.golang.org/appengine v1.1.0/go.mod h1:EbEs0AVv82hx2wNQdGPgUI5lhzA/G0D9YwlJXL52JkM=
google.golang.org/genproto v0.0.0-20180817151627-c66870c02cf8/go.mod h1:JiN7NxoALGmiZfu7CAH4rXhgtRTLTxftemlI0sWmxmc=
google.golang.org/genproto v0.0.0-20181127195345-31ac5d88444a h1:Weemm+oF2juintSvD0c+ZG4lDmCwgYKrM/kPI6gFINY=
google.golang.org/genproto v0.0.0-20181127195345-31ac5d88444a/go.mod h1:7Ep/1NZk928CDR8SjdVbjWNpdIf6nzjE3BTgJDr2Atg=
google.golang.org/grpc v1.16.0 h1:dz5IJGuC2BB7qXR5AyHNwAUBhZscK2xVez7mznh72sY=
google.golang.org/grpc v1.16.0/go.mod h1:0JHn/cJsOMiMfNA9+DeHDlAU7KAAB5GDlYFpa9MZMio=
gopkg.in/check.v1 v0.0.0-20161208181325-20d25e280405/go.mod h1:Co6ibVJAznAaIkqp8huTwlJQCZ016jof/cbN4VW5Yz0=
gopkg.in/gcfg.v1 v1.2.3 h1:m8OOJ4ccYHnx2f4gQwpno8nAX5OGOh7RLaaz0pj3Ogs=
gopkg.in/gcfg.v1 v1.2.3/go.mod h1:yesOnuUOFQAhST5vPY4nbZsb/huCgGGXlipJsBn0b3o=
gopkg.in/warnings.v0 v0.1.2 h1:wFXVbFY8DY5/xOe1ECiWdKCzZlxgshcYVNkBHstARME=
gopkg.in/warnings.v0 v0.1.2/go.mod h1:jksf8JmL6Qr/oQM2OXTHunEvvTAsrWBLb6OOjuVWRNI=
gopkg.in/yaml.v2 v2.2.2 h1:ZCJp+EgiOT7lHqUV2J862kp8Qj64Jo6az82+3Td9dZw=
gopkg.in/yaml.v2 v2.2.2/go.mod h1:hI93XBmqTisBFMUTm0b8Fm+jr3Dg1NNxqwp+5A1VGuI=
honnef.co/go/tools v0.0.0-20180728063816-88497007e858/go.mod h1:rf3lG4BRIbNafJWhAfAdb/ePZxsR/4RtNHQocxwk9r4=
